
Microsoft Visual Studio Solution File, Format Version 12.00
# Visual Studio 15
VisualStudioVersion = 15.0.26228.12
MinimumVisualStudioVersion = 10.0.40219.1
Project("{D954291E-2A0B-460D-934E-DC6B0785DB48}") = "AppCliente", "AppCliente\AppCliente\AppCliente.shproj", "{1C49E1B5-1604-45C2-9291-7B9C4681422C}"
EndProject
Project("{FAE04EC0-301F-11D3-BF4B-00C04F79EFBC}") = "AppCliente.Android", "AppCliente\AppCliente.Android\AppCliente.Android.csproj", "{928650F5-34BB-44C0-927D-34AB1703123A}"
EndProject
Project("{FAE04EC0-301F-11D3-BF4B-00C04F79EFBC}") = "AppCliente.iOS", "AppCliente\AppCliente.iOS\AppCliente.iOS.csproj", "{C52C9565-5403-41DA-8718-5C09233E387A}"
EndProject
Project("{FAE04EC0-301F-11D3-BF4B-00C04F79EFBC}") = "AppCliente.UWP", "AppCliente\AppCliente.UWP\AppCliente.UWP.csproj", "{591D389F-1175-4E70-B360-92C53305A2C1}"
EndProject
Global
	GlobalSection(SharedMSBuildProjectFiles) = preSolution
		AppCliente\AppCliente\AppCliente.projitems*{1c49e1b5-1604-45c2-9291-7b9c4681422c}*SharedItemsImports = 13
		AppCliente\AppCliente\AppCliente.projitems*{591d389f-1175-4e70-b360-92c53305a2c1}*SharedItemsImports = 4
		AppCliente\AppCliente\AppCliente.projitems*{928650f5-34bb-44c0-927d-34ab1703123a}*SharedItemsImports = 4
		AppCliente\AppCliente\AppCliente.projitems*{c52c9565-5403-41da-8718-5c09233e387a}*SharedItemsImports = 4
	EndGlobalSection
	GlobalSection(SolutionConfigurationPlatforms) = preSolution
		Ad-Hoc|Any CPU = Ad-Hoc|Any CPU
		Ad-Hoc|ARM = Ad-Hoc|ARM
		Ad-Hoc|iPhone = Ad-Hoc|iPhone
		Ad-Hoc|iPhoneSimulator = Ad-Hoc|iPhoneSimulator
		Ad-Hoc|x64 = Ad-Hoc|x64
		Ad-Hoc|x86 = Ad-Hoc|x86
		AppStore|Any CPU = AppStore|Any CPU
		AppStore|ARM = AppStore|ARM
		AppStore|iPhone = AppStore|iPhone
		AppStore|iPhoneSimulator = AppStore|iPhoneSimulator
		AppStore|x64 = AppStore|x64
		AppStore|x86 = AppStore|x86
		Debug|Any CPU = Debug|Any CPU
		Debug|ARM = Debug|ARM
		Debug|iPhone = Debug|iPhone
		Debug|iPhoneSimulator = Debug|iPhoneSimulator
		Debug|x64 = Debug|x64
		Debug|x86 = Debug|x86
		Release|Any CPU = Release|Any CPU
		Release|ARM = Release|ARM
		Release|iPhone = Release|iPhone
		Release|iPhoneSimulator = Release|iPhoneSimulator
		Release|x64 = Release|x64
		Release|x86 = Release|x86
	EndGlobalSection
	GlobalSection(ProjectConfigurationPlatforms) = postSolution
		{928650F5-34BB-44C0-927D-34AB1703123A}.Ad-Hoc|Any CPU.ActiveCfg = Release|Any CPU
		{928650F5-34BB-44C0-927D-34AB1703123A}.Ad-Hoc|Any CPU.Build.0 = Release|Any CPU
		{928650F5-34BB-44C0-927D-34AB1703123A}.Ad-Hoc|Any CPU.Deploy.0 = Release|Any CPU
		{928650F5-34BB-44C0-927D-34AB1703123A}.Ad-Hoc|ARM.ActiveCfg = Release|Any CPU
		{928650F5-34BB-44C0-927D-34AB1703123A}.Ad-Hoc|ARM.Build.0 = Release|Any CPU
		{928650F5-34BB-44C0-927D-34AB1703123A}.Ad-Hoc|ARM.Deploy.0 = Release|Any CPU
		{928650F5-34BB-44C0-927D-34AB1703123A}.Ad-Hoc|iPhone.ActiveCfg = Release|Any CPU
		{928650F5-34BB-44C0-927D-34AB1703123A}.Ad-Hoc|iPhone.Build.0 = Release|Any CPU
		{928650F5-34BB-44C0-927D-34AB1703123A}.Ad-Hoc|iPhone.Deploy.0 = Release|Any CPU
		{928650F5-34BB-44C0-927D-34AB1703123A}.Ad-Hoc|iPhoneSimulator.ActiveCfg = Release|Any CPU
		{928650F5-34BB-44C0-927D-34AB1703123A}.Ad-Hoc|iPhoneSimulator.Build.0 = Release|Any CPU
		{928650F5-34BB-44C0-927D-34AB1703123A}.Ad-Hoc|iPhoneSimulator.Deploy.0 = Release|Any CPU
		{928650F5-34BB-44C0-927D-34AB1703123A}.Ad-Hoc|x64.ActiveCfg = Release|Any CPU
		{928650F5-34BB-44C0-927D-34AB1703123A}.Ad-Hoc|x64.Build.0 = Release|Any CPU
		{928650F5-34BB-44C0-927D-34AB1703123A}.Ad-Hoc|x64.Deploy.0 = Release|Any CPU
		{928650F5-34BB-44C0-927D-34AB1703123A}.Ad-Hoc|x86.ActiveCfg = Release|Any CPU
		{928650F5-34BB-44C0-927D-34AB1703123A}.Ad-Hoc|x86.Build.0 = Release|Any CPU
		{928650F5-34BB-44C0-927D-34AB1703123A}.Ad-Hoc|x86.Deploy.0 = Release|Any CPU
		{928650F5-34BB-44C0-927D-34AB1703123A}.AppStore|Any CPU.ActiveCfg = Release|Any CPU
		{928650F5-34BB-44C0-927D-34AB1703123A}.AppStore|Any CPU.Build.0 = Release|Any CPU
		{928650F5-34BB-44C0-927D-34AB1703123A}.AppStore|Any CPU.Deploy.0 = Release|Any CPU
		{928650F5-34BB-44C0-927D-34AB1703123A}.AppStore|ARM.ActiveCfg = Release|Any CPU
		{928650F5-34BB-44C0-927D-34AB1703123A}.AppStore|ARM.Build.0 = Release|Any CPU
		{928650F5-34BB-44C0-927D-34AB1703123A}.AppStore|ARM.Deploy.0 = Release|Any CPU
		{928650F5-34BB-44C0-927D-34AB1703123A}.AppStore|iPhone.ActiveCfg = Release|Any CPU
		{928650F5-34BB-44C0-927D-34AB1703123A}.AppStore|iPhone.Build.0 = Release|Any CPU
		{928650F5-34BB-44C0-927D-34AB1703123A}.AppStore|iPhone.Deploy.0 = Release|Any CPU
		{928650F5-34BB-44C0-927D-34AB1703123A}.AppStore|iPhoneSimulator.ActiveCfg = Release|Any CPU
		{928650F5-34BB-44C0-927D-34AB1703123A}.AppStore|iPhoneSimulator.Build.0 = Release|Any CPU
		{928650F5-34BB-44C0-927D-34AB1703123A}.AppStore|iPhoneSimulator.Deploy.0 = Release|Any CPU
		{928650F5-34BB-44C0-927D-34AB1703123A}.AppStore|x64.ActiveCfg = Release|Any CPU
		{928650F5-34BB-44C0-927D-34AB1703123A}.AppStore|x64.Build.0 = Release|Any CPU
		{928650F5-34BB-44C0-927D-34AB1703123A}.AppStore|x64.Deploy.0 = Release|Any CPU
		{928650F5-34BB-44C0-927D-34AB1703123A}.AppStore|x86.ActiveCfg = Release|Any CPU
		{928650F5-34BB-44C0-927D-34AB1703123A}.AppStore|x86.Build.0 = Release|Any CPU
		{928650F5-34BB-44C0-927D-34AB1703123A}.AppStore|x86.Deploy.0 = Release|Any CPU
		{928650F5-34BB-44C0-927D-34AB1703123A}.Debug|Any CPU.ActiveCfg = Debug|Any CPU
		{928650F5-34BB-44C0-927D-34AB1703123A}.Debug|Any CPU.Build.0 = Debug|Any CPU
		{928650F5-34BB-44C0-927D-34AB1703123A}.Debug|Any CPU.Deploy.0 = Debug|Any CPU
		{928650F5-34BB-44C0-927D-34AB1703123A}.Debug|ARM.ActiveCfg = Debug|Any CPU
		{928650F5-34BB-44C0-927D-34AB1703123A}.Debug|ARM.Build.0 = Debug|Any CPU
		{928650F5-34BB-44C0-927D-34AB1703123A}.Debug|ARM.Deploy.0 = Debug|Any CPU
		{928650F5-34BB-44C0-927D-34AB1703123A}.Debug|iPhone.ActiveCfg = Debug|Any CPU
		{928650F5-34BB-44C0-927D-34AB1703123A}.Debug|iPhone.Build.0 = Debug|Any CPU
		{928650F5-34BB-44C0-927D-34AB1703123A}.Debug|iPhone.Deploy.0 = Debug|Any CPU
		{928650F5-34BB-44C0-927D-34AB1703123A}.Debug|iPhoneSimulator.ActiveCfg = Debug|Any CPU
		{928650F5-34BB-44C0-927D-34AB1703123A}.Debug|iPhoneSimulator.Build.0 = Debug|Any CPU
		{928650F5-34BB-44C0-927D-34AB1703123A}.Debug|iPhoneSimulator.Deploy.0 = Debug|Any CPU
		{928650F5-34BB-44C0-927D-34AB1703123A}.Debug|x64.ActiveCfg = Debug|Any CPU
		{928650F5-34BB-44C0-927D-34AB1703123A}.Debug|x64.Build.0 = Debug|Any CPU
		{928650F5-34BB-44C0-927D-34AB1703123A}.Debug|x64.Deploy.0 = Debug|Any CPU
		{928650F5-34BB-44C0-927D-34AB1703123A}.Debug|x86.ActiveCfg = Debug|Any CPU
		{928650F5-34BB-44C0-927D-34AB1703123A}.Debug|x86.Build.0 = Debug|Any CPU
		{928650F5-34BB-44C0-927D-34AB1703123A}.Debug|x86.Deploy.0 = Debug|Any CPU
		{928650F5-34BB-44C0-927D-34AB1703123A}.Release|Any CPU.ActiveCfg = Release|Any CPU
		{928650F5-34BB-44C0-927D-34AB1703123A}.Release|Any CPU.Build.0 = Release|Any CPU
		{928650F5-34BB-44C0-927D-34AB1703123A}.Release|Any CPU.Deploy.0 = Release|Any CPU
		{928650F5-34BB-44C0-927D-34AB1703123A}.Release|ARM.ActiveCfg = Release|Any CPU
		{928650F5-34BB-44C0-927D-34AB1703123A}.Release|ARM.Build.0 = Release|Any CPU
		{928650F5-34BB-44C0-927D-34AB1703123A}.Release|ARM.Deploy.0 = Release|Any CPU
		{928650F5-34BB-44C0-927D-34AB1703123A}.Release|iPhone.ActiveCfg = Release|Any CPU
		{928650F5-34BB-44C0-927D-34AB1703123A}.Release|iPhone.Build.0 = Release|Any CPU
		{928650F5-34BB-44C0-927D-34AB1703123A}.Release|iPhone.Deploy.0 = Release|Any CPU
		{928650F5-34BB-44C0-927D-34AB1703123A}.Release|iPhoneSimulator.ActiveCfg = Release|Any CPU
		{928650F5-34BB-44C0-927D-34AB1703123A}.Release|iPhoneSimulator.Build.0 = Release|Any CPU
		{928650F5-34BB-44C0-927D-34AB1703123A}.Release|iPhoneSimulator.Deploy.0 = Release|Any CPU
		{928650F5-34BB-44C0-927D-34AB1703123A}.Release|x64.ActiveCfg = Release|Any CPU
		{928650F5-34BB-44C0-927D-34AB1703123A}.Release|x64.Build.0 = Release|Any CPU
		{928650F5-34BB-44C0-927D-34AB1703123A}.Release|x64.Deploy.0 = Release|Any CPU
		{928650F5-34BB-44C0-927D-34AB1703123A}.Release|x86.ActiveCfg = Release|Any CPU
		{928650F5-34BB-44C0-927D-34AB1703123A}.Release|x86.Build.0 = Release|Any CPU
		{928650F5-34BB-44C0-927D-34AB1703123A}.Release|x86.Deploy.0 = Release|Any CPU
		{C52C9565-5403-41DA-8718-5C09233E387A}.Ad-Hoc|Any CPU.ActiveCfg = Ad-Hoc|iPhone
		{C52C9565-5403-41DA-8718-5C09233E387A}.Ad-Hoc|ARM.ActiveCfg = Ad-Hoc|iPhone
		{C52C9565-5403-41DA-8718-5C09233E387A}.Ad-Hoc|iPhone.ActiveCfg = Ad-Hoc|iPhone
		{C52C9565-5403-41DA-8718-5C09233E387A}.Ad-Hoc|iPhone.Build.0 = Ad-Hoc|iPhone
		{C52C9565-5403-41DA-8718-5C09233E387A}.Ad-Hoc|iPhoneSimulator.ActiveCfg = Ad-Hoc|iPhoneSimulator
		{C52C9565-5403-41DA-8718-5C09233E387A}.Ad-Hoc|iPhoneSimulator.Build.0 = Ad-Hoc|iPhoneSimulator
		{C52C9565-5403-41DA-8718-5C09233E387A}.Ad-Hoc|x64.ActiveCfg = Ad-Hoc|iPhone
		{C52C9565-5403-41DA-8718-5C09233E387A}.Ad-Hoc|x86.ActiveCfg = Ad-Hoc|iPhone
		{C52C9565-5403-41DA-8718-5C09233E387A}.AppStore|Any CPU.ActiveCfg = AppStore|iPhone
		{C52C9565-5403-41DA-8718-5C09233E387A}.AppStore|ARM.ActiveCfg = AppStore|iPhone
		{C52C9565-5403-41DA-8718-5C09233E387A}.AppStore|iPhone.ActiveCfg = AppStore|iPhone
		{C52C9565-5403-41DA-8718-5C09233E387A}.AppStore|iPhone.Build.0 = AppStore|iPhone
		{C52C9565-5403-41DA-8718-5C09233E387A}.AppStore|iPhoneSimulator.ActiveCfg = AppStore|iPhoneSimulator
		{C52C9565-5403-41DA-8718-5C09233E387A}.AppStore|iPhoneSimulator.Build.0 = AppStore|iPhoneSimulator
		{C52C9565-5403-41DA-8718-5C09233E387A}.AppStore|x64.ActiveCfg = AppStore|iPhone
		{C52C9565-5403-41DA-8718-5C09233E387A}.AppStore|x86.ActiveCfg = AppStore|iPhone
		{C52C9565-5403-41DA-8718-5C09233E387A}.Debug|Any CPU.ActiveCfg = Debug|iPhone
		{C52C9565-5403-41DA-8718-5C09233E387A}.Debug|ARM.ActiveCfg = Debug|iPhone
		{C52C9565-5403-41DA-8718-5C09233E387A}.Debug|iPhone.ActiveCfg = Debug|iPhone
		{C52C9565-5403-41DA-8718-5C09233E387A}.Debug|iPhone.Build.0 = Debug|iPhone
		{C52C9565-5403-41DA-8718-5C09233E387A}.Debug|iPhoneSimulator.ActiveCfg = Debug|iPhoneSimulator
		{C52C9565-5403-41DA-8718-5C09233E387A}.Debug|iPhoneSimulator.Build.0 = Debug|iPhoneSimulator
		{C52C9565-5403-41DA-8718-5C09233E387A}.Debug|x64.ActiveCfg = Debug|iPhone
		{C52C9565-5403-41DA-8718-5C09233E387A}.Debug|x86.ActiveCfg = Debug|iPhone
		{C52C9565-5403-41DA-8718-5C09233E387A}.Release|Any CPU.ActiveCfg = Release|iPhone
		{C52C9565-5403-41DA-8718-5C09233E387A}.Release|ARM.ActiveCfg = Release|iPhone
		{C52C9565-5403-41DA-8718-5C09233E387A}.Release|iPhone.ActiveCfg = Release|iPhone
		{C52C9565-5403-41DA-8718-5C09233E387A}.Release|iPhone.Build.0 = Release|iPhone
		{C52C9565-5403-41DA-8718-5C09233E387A}.Release|iPhoneSimulator.ActiveCfg = Release|iPhoneSimulator
		{C52C9565-5403-41DA-8718-5C09233E387A}.Release|iPhoneSimulator.Build.0 = Release|iPhoneSimulator
		{C52C9565-5403-41DA-8718-5C09233E387A}.Release|x64.ActiveCfg = Release|iPhone
		{C52C9565-5403-41DA-8718-5C09233E387A}.Release|x86.ActiveCfg = Release|iPhone
		{591D389F-1175-4E70-B360-92C53305A2C1}.Ad-Hoc|Any CPU.ActiveCfg = Release|x86
		{591D389F-1175-4E70-B360-92C53305A2C1}.Ad-Hoc|Any CPU.Build.0 = Release|x86
		{591D389F-1175-4E70-B360-92C53305A2C1}.Ad-Hoc|Any CPU.Deploy.0 = Release|x86
		{591D389F-1175-4E70-B360-92C53305A2C1}.Ad-Hoc|ARM.ActiveCfg = Release|ARM
		{591D389F-1175-4E70-B360-92C53305A2C1}.Ad-Hoc|ARM.Build.0 = Release|ARM
		{591D389F-1175-4E70-B360-92C53305A2C1}.Ad-Hoc|ARM.Deploy.0 = Release|ARM
		{591D389F-1175-4E70-B360-92C53305A2C1}.Ad-Hoc|iPhone.ActiveCfg = Release|x86
		{591D389F-1175-4E70-B360-92C53305A2C1}.Ad-Hoc|iPhone.Build.0 = Release|x86
		{591D389F-1175-4E70-B360-92C53305A2C1}.Ad-Hoc|iPhone.Deploy.0 = Release|x86
		{591D389F-1175-4E70-B360-92C53305A2C1}.Ad-Hoc|iPhoneSimulator.ActiveCfg = Release|x86
		{591D389F-1175-4E70-B360-92C53305A2C1}.Ad-Hoc|iPhoneSimulator.Build.0 = Release|x86
		{591D389F-1175-4E70-B360-92C53305A2C1}.Ad-Hoc|iPhoneSimulator.Deploy.0 = Release|x86
		{591D389F-1175-4E70-B360-92C53305A2C1}.Ad-Hoc|x64.ActiveCfg = Release|x64
		{591D389F-1175-4E70-B360-92C53305A2C1}.Ad-Hoc|x64.Build.0 = Release|x64
		{591D389F-1175-4E70-B360-92C53305A2C1}.Ad-Hoc|x64.Deploy.0 = Release|x64
		{591D389F-1175-4E70-B360-92C53305A2C1}.Ad-Hoc|x86.ActiveCfg = Release|x86
		{591D389F-1175-4E70-B360-92C53305A2C1}.Ad-Hoc|x86.Build.0 = Release|x86
		{591D389F-1175-4E70-B360-92C53305A2C1}.Ad-Hoc|x86.Deploy.0 = Release|x86
		{591D389F-1175-4E70-B360-92C53305A2C1}.AppStore|Any CPU.ActiveCfg = Release|x86
		{591D389F-1175-4E70-B360-92C53305A2C1}.AppStore|Any CPU.Build.0 = Release|x86
		{591D389F-1175-4E70-B360-92C53305A2C1}.AppStore|Any CPU.Deploy.0 = Release|x86
		{591D389F-1175-4E70-B360-92C53305A2C1}.AppStore|ARM.ActiveCfg = Release|ARM
		{591D389F-1175-4E70-B360-92C53305A2C1}.AppStore|ARM.Build.0 = Release|ARM
		{591D389F-1175-4E70-B360-92C53305A2C1}.AppStore|ARM.Deploy.0 = Release|ARM
		{591D389F-1175-4E70-B360-92C53305A2C1}.AppStore|iPhone.ActiveCfg = Release|x86
		{591D389F-1175-4E70-B360-92C53305A2C1}.AppStore|iPhone.Build.0 = Release|x86
		{591D389F-1175-4E70-B360-92C53305A2C1}.AppStore|iPhone.Deploy.0 = Release|x86
		{591D389F-1175-4E70-B360-92C53305A2C1}.AppStore|iPhoneSimulator.ActiveCfg = Release|x86
		{591D389F-1175-4E70-B360-92C53305A2C1}.AppStore|iPhoneSimulator.Build.0 = Release|x86
		{591D389F-1175-4E70-B360-92C53305A2C1}.AppStore|iPhoneSimulator.Deploy.0 = Release|x86
		{591D389F-1175-4E70-B360-92C53305A2C1}.AppStore|x64.ActiveCfg = Release|x64
		{591D389F-1175-4E70-B360-92C53305A2C1}.AppStore|x64.Build.0 = Release|x64
		{591D389F-1175-4E70-B360-92C53305A2C1}.AppStore|x64.Deploy.0 = Release|x64
		{591D389F-1175-4E70-B360-92C53305A2C1}.AppStore|x86.ActiveCfg = Release|x86
		{591D389F-1175-4E70-B360-92C53305A2C1}.AppStore|x86.Build.0 = Release|x86
		{591D389F-1175-4E70-B360-92C53305A2C1}.AppStore|x86.Deploy.0 = Release|x86
		{591D389F-1175-4E70-B360-92C53305A2C1}.Debug|Any CPU.ActiveCfg = Debug|x86
		{591D389F-1175-4E70-B360-92C53305A2C1}.Debug|ARM.ActiveCfg = Debug|ARM
		{591D389F-1175-4E70-B360-92C53305A2C1}.Debug|ARM.Build.0 = Debug|ARM
		{591D389F-1175-4E70-B360-92C53305A2C1}.Debug|ARM.Deploy.0 = Debug|ARM
		{591D389F-1175-4E70-B360-92C53305A2C1}.Debug|iPhone.ActiveCfg = Debug|x86
		{591D389F-1175-4E70-B360-92C53305A2C1}.Debug|iPhoneSimulator.ActiveCfg = Debug|x86
		{591D389F-1175-4E70-B360-92C53305A2C1}.Debug|x64.ActiveCfg = Debug|x64
		{591D389F-1175-4E70-B360-92C53305A2C1}.Debug|x64.Build.0 = Debug|x64
		{591D389F-1175-4E70-B360-92C53305A2C1}.Debug|x64.Deploy.0 = Debug|x64
		{591D389F-1175-4E70-B360-92C53305A2C1}.Debug|x86.ActiveCfg = Debug|x86
		{591D389F-1175-4E70-B360-92C53305A2C1}.Debug|x86.Build.0 = Debug|x86
		{591D389F-1175-4E70-B360-92C53305A2C1}.Debug|x86.Deploy.0 = Debug|x86
		{591D389F-1175-4E70-B360-92C53305A2C1}.Release|Any CPU.ActiveCfg = Release|x86
		{591D389F-1175-4E70-B360-92C53305A2C1}.Release|ARM.ActiveCfg = Release|ARM
		{591D389F-1175-4E70-B360-92C53305A2C1}.Release|ARM.Build.0 = Release|ARM
		{591D389F-1175-4E70-B360-92C53305A2C1}.Release|ARM.Deploy.0 = Release|ARM
		{591D389F-1175-4E70-B360-92C53305A2C1}.Release|iPhone.ActiveCfg = Release|x86
		{591D389F-1175-4E70-B360-92C53305A2C1}.Release|iPhoneSimulator.ActiveCfg = Release|x86
		{591D389F-1175-4E70-B360-92C53305A2C1}.Release|x64.ActiveCfg = Release|x64
		{591D389F-1175-4E70-B360-92C53305A2C1}.Release|x64.Build.0 = Release|x64
		{591D389F-1175-4E70-B360-92C53305A2C1}.Release|x64.Deploy.0 = Release|x64
		{591D389F-1175-4E70-B360-92C53305A2C1}.Release|x86.ActiveCfg = Release|x86
		{591D389F-1175-4E70-B360-92C53305A2C1}.Release|x86.Build.0 = Release|x86
		{591D389F-1175-4E70-B360-92C53305A2C1}.Release|x86.Deploy.0 = Release|x86
	EndGlobalSection
	GlobalSection(SolutionProperties) = preSolution
		HideSolutionNode = FALSE
	EndGlobalSection
EndGlobal
